// !$*UTF8*$!
{
	archiveVersion = 1;
	classes = {
	};
	objectVersion = 50;
	objects = {

/* Begin PBXBuildFile section */
		4D92004B2249A4AB00DF6DB9 /* AppDelegate.swift in Sources */ = {isa = PBXBuildFile; fileRef = 4D92004A2249A4AB00DF6DB9 /* AppDelegate.swift */; };
		4D92004D2249A4AB00DF6DB9 /* ViewController.swift in Sources */ = {isa = PBXBuildFile; fileRef = 4D92004C2249A4AB00DF6DB9 /* ViewController.swift */; };
		4D9200502249A4AB00DF6DB9 /* Main.storyboard in Resources */ = {isa = PBXBuildFile; fileRef = 4D92004E2249A4AB00DF6DB9 /* Main.storyboard */; };
		4D9200522249A4AC00DF6DB9 /* Assets.xcassets in Resources */ = {isa = PBXBuildFile; fileRef = 4D9200512249A4AC00DF6DB9 /* Assets.xcassets */; };
		4D9200552249A4AC00DF6DB9 /* LaunchScreen.storyboard in Resources */ = {isa = PBXBuildFile; fileRef = 4D9200532249A4AC00DF6DB9 /* LaunchScreen.storyboard */; };
		4D92005D2249AD2300DF6DB9 /* SwiftyTimer.swift in Sources */ = {isa = PBXBuildFile; fileRef = 4D92005C2249AD2300DF6DB9 /* SwiftyTimer.swift */; };
/* End PBXBuildFile section */

/* Begin PBXFileReference section */
		4D9200472249A4AB00DF6DB9 /* SST.app */ = {isa = PBXFileReference; explicitFileType = wrapper.application; includeInIndex = 0; path = SST.app; sourceTree = BUILT_PRODUCTS_DIR; };
		4D92004A2249A4AB00DF6DB9 /* AppDelegate.swift */ = {isa = PBXFileReference; lastKnownFileType = sourcecode.swift; path = AppDelegate.swift; sourceTree = "<group>"; };
		4D92004C2249A4AB00DF6DB9 /* ViewController.swift */ = {isa = PBXFileReference; lastKnownFileType = sourcecode.swift; path = ViewController.swift; sourceTree = "<group>"; };
		4D92004F2249A4AB00DF6DB9 /* Base */ = {isa = PBXFileReference; lastKnownFileType = file.storyboard; name = Base; path = Base.lproj/Main.storyboard; sourceTree = "<group>"; };
		4D9200512249A4AC00DF6DB9 /* Assets.xcassets */ = {isa = PBXFileReference; lastKnownFileType = folder.assetcatalog; path = Assets.xcassets; sourceTree = "<group>"; };
		4D9200542249A4AC00DF6DB9 /* Base */ = {isa = PBXFileReference; lastKnownFileType = file.storyboard; name = Base; path = Base.lproj/LaunchScreen.storyboard; sourceTree = "<group>"; };
		4D9200562249A4AC00DF6DB9 /* Info.plist */ = {isa = PBXFileReference; lastKnownFileType = text.plist.xml; path = Info.plist; sourceTree = "<group>"; };
		4D92005C2249AD2300DF6DB9 /* SwiftyTimer.swift */ = {isa = PBXFileReference; fileEncoding = 4; lastKnownFileType = sourcecode.swift; path = SwiftyTimer.swift; sourceTree = "<group>"; };
/* End PBXFileReference section */

/* Begin PBXFrameworksBuildPhase section */
		4D9200442249A4AB00DF6DB9 /* Frameworks */ = {
			isa = PBXFrameworksBuildPhase;
			buildActionMask = 2147483647;
			files = (
			);
			runOnlyForDeploymentPostprocessing = 0;
		};
/* End PBXFrameworksBuildPhase section */

/* Begin PBXGroup section */
		4D92003E2249A4AB00DF6DB9 = {
			isa = PBXGroup;
			children = (
				4D9200492249A4AB00DF6DB9 /* SST */,
				4D9200482249A4AB00DF6DB9 /* Products */,
			);
			sourceTree = "<group>";
		};
		4D9200482249A4AB00DF6DB9 /* Products */ = {
			isa = PBXGroup;
			children = (
				4D9200472249A4AB00DF6DB9 /* SST.app */,
			);
			name = Products;
			sourceTree = "<group>";
		};
		4D9200492249A4AB00DF6DB9 /* SST */ = {
			isa = PBXGroup;
			children = (
				4D92005C2249AD2300DF6DB9 /* SwiftyTimer.swift */,
				4D92004A2249A4AB00DF6DB9 /* AppDelegate.swift */,
				4D92004C2249A4AB00DF6DB9 /* ViewController.swift */,
				4D92004E2249A4AB00DF6DB9 /* Main.storyboard */,
				4D9200512249A4AC00DF6DB9 /* Assets.xcassets */,
				4D9200532249A4AC00DF6DB9 /* LaunchScreen.storyboard */,
				4D9200562249A4AC00DF6DB9 /* Info.plist */,
			);
			path = SST;
			sourceTree = "<group>";
		};
/* End PBXGroup section */

/* Begin PBXNativeTarget section */
		4D9200462249A4AB00DF6DB9 /* SST */ = {
			isa = PBXNativeTarget;
			buildConfigurationList = 4D9200592249A4AC00DF6DB9 /* Build configuration list for PBXNativeTarget "SST" */;
			buildPhases = (
				4D9200432249A4AB00DF6DB9 /* Sources */,
				4D9200442249A4AB00DF6DB9 /* Frameworks */,
				4D9200452249A4AB00DF6DB9 /* Resources */,
			);
			buildRules = (
			);
			dependencies = (
			);
			name = SST;
			productName = SST;
			productReference = 4D9200472249A4AB00DF6DB9 /* SST.app */;
			productType = "com.apple.product-type.application";
		};
/* End PBXNativeTarget section */

/* Begin PBXProject section */
		4D92003F2249A4AB00DF6DB9 /* Project object */ = {
			isa = PBXProject;
			attributes = {
				LastSwiftUpdateCheck = 1020;
				LastUpgradeCheck = 1020;
				ORGANIZATIONNAME = "Yudong Liu";
				TargetAttributes = {
					4D9200462249A4AB00DF6DB9 = {
						CreatedOnToolsVersion = 10.2;
					};
				};
			};
			buildConfigurationList = 4D9200422249A4AB00DF6DB9 /* Build configuration list for PBXProject "SST" */;
			compatibilityVersion = "Xcode 9.3";
			developmentRegion = en;
			hasScannedForEncodings = 0;
			knownRegions = (
				en,
				Base,
			);
			mainGroup = 4D92003E2249A4AB00DF6DB9;
			productRefGroup = 4D9200482249A4AB00DF6DB9 /* Products */;
			projectDirPath = "";
			projectRoot = "";
			targets = (
				4D9200462249A4AB00DF6DB9 /* SST */,
			);
		};
/* End PBXProject section */

/* Begin PBXResourcesBuildPhase section */
		4D9200452249A4AB00DF6DB9 /* Resources */ = {
			isa = PBXResourcesBuildPhase;
			buildActionMask = 2147483647;
			files = (
				4D9200552249A4AC00DF6DB9 /* LaunchScreen.storyboard in Resources */,
				4D9200522249A4AC00DF6DB9 /* Assets.xcassets in Resources */,
				4D9200502249A4AB00DF6DB9 /* Main.storyboard in Resources */,
			);
			runOnlyForDeploymentPostprocessing = 0;
		};
/* End PBXResourcesBuildPhase section */

/* Begin PBXSourcesBuildPhase section */
		4D9200432249A4AB00DF6DB9 /* Sources */ = {
			isa = PBXSourcesBuildPhase;
			buildActionMask = 2147483647;
			files = (
				4D92005D2249AD2300DF6DB9 /* SwiftyTimer.swift in Sources */,
				4D92004D2249A4AB00DF6DB9 /* ViewController.swift in Sources */,
				4D92004B2249A4AB00DF6DB9 /* AppDelegate.swift in Sources */,
			);
			runOnlyForDeploymentPostprocessing = 0;
		};
/* End PBXSourcesBuildPhase section */

/* Begin PBXVariantGroup section */
		4D92004E2249A4AB00DF6DB9 /* Main.storyboard */ = {
			isa = PBXVariantGroup;
			children = (
				4D92004F2249A4AB00DF6DB9 /* Base */,
			);
			name = Main.storyboard;
			sourceTree = "<group>";
		};
		4D9200532249A4AC00DF6DB9 /* LaunchScreen.storyboard */ = {
			isa = PBXVariantGroup;
			children = (
				4D9200542249A4AC00DF6DB9 /* Base */,
			);
			name = LaunchScreen.storyboard;
			sourceTree = "<group>";
		};
/* End PBXVariantGroup section */

/* Begin XCBuildConfiguration section */
		4D9200572249A4AC00DF6DB9 /* Debug */ = {
			isa = XCBuildConfiguration;
			buildSettings = {
				ALWAYS_SEARCH_USER_PATHS = NO;
				CLANG_ANALYZER_NONNULL = YES;
				CLANG_ANALYZER_NUMBER_OBJECT_CONVERSION = YES_AGGRESSIVE;
				CLANG_CXX_LANGUAGE_STANDARD = "gnu++14";
				CLANG_CXX_LIBRARY = "libc++";
				CLANG_ENABLE_MODULES = YES;
				CLANG_ENABLE_OBJC_ARC = YES;
				CLANG_ENABLE_OBJC_WEAK = YES;
				CLANG_WARN_BLOCK_CAPTURE_AUTORELEASING = YES;
				CLANG_WARN_BOOL_CONVERSION = YES;
				CLANG_WARN_COMMA = YES;
				CLANG_WARN_CONSTANT_CONVERSION = YES;
				CLANG_WARN_DEPRECATED_OBJC_IMPLEMENTATIONS = YES;
				CLANG_WARN_DIRECT_OBJC_ISA_USAGE = YES_ERROR;
				CLANG_WARN_DOCUMENTATION_COMMENTS = YES;
				CLANG_WARN_EMPTY_BODY = YES;
				CLANG_WARN_ENUM_CONVERSION = YES;
				CLANG_WARN_INFINITE_RECURSION = YES;
				CLANG_WARN_INT_CONVERSION = YES;
				CLANG_WARN_NON_LITERAL_NULL_CONVERSION = YES;
				CLANG_WARN_OBJC_IMPLICIT_RETAIN_SELF = YES;
				CLANG_WARN_OBJC_LITERAL_CONVERSION = YES;
				CLANG_WARN_OBJC_ROOT_CLASS = YES_ERROR;
				CLANG_WARN_RANGE_LOOP_ANALYSIS = YES;
				CLANG_WARN_STRICT_PROTOTYPES = YES;
				CLANG_WARN_SUSPICIOUS_MOVE = YES;
				CLANG_WARN_UNGUARDED_AVAILABILITY = YES_AGGRESSIVE;
				CLANG_WARN_UNREACHABLE_CODE = YES;
				CLANG_WARN__DUPLICATE_METHOD_MATCH = YES;
				CODE_SIGN_IDENTITY = "iPhone Developer";
				COPY_PHASE_STRIP = NO;
				DEBUG_INFORMATION_FORMAT = dwarf;
				ENABLE_STRICT_OBJC_MSGSEND = YES;
				ENABLE_TESTABILITY = YES;
				GCC_C_LANGUAGE_STANDARD = gnu11;
				GCC_DYNAMIC_NO_PIC = NO;
				GCC_NO_COMMON_BLOCKS = YES;
				GCC_OPTIMIZATION_LEVEL = 0;
				GCC_PREPROCESSOR_DEFINITIONS = (
					"DEBUG=1",
					"$(inherited)",
				);
				GCC_WARN_64_TO_32_BIT_CONVERSION = YES;
				GCC_WARN_ABOUT_RETURN_TYPE = YES_ERROR;
				GCC_WARN_UNDECLARED_SELECTOR = YES;
				GCC_WARN_UNINITIALIZED_AUTOS = YES_AGGRESSIVE;
				GCC_WARN_UNUSED_FUNCTION = YES;
				GCC_WARN_UNUSED_VARIABLE = YES;
				IPHONEOS_DEPLOYMENT_TARGET = 12.2;
				MTL_ENABLE_DEBUG_INFO = INCLUDE_SOURCE;
				MTL_FAST_MATH = YES;
				ONLY_ACTIVE_ARCH = YES;
				SDKROOT = iphoneos;
				SWIFT_ACTIVE_COMPILATION_CONDITIONS = DEBUG;
				SWIFT_OPTIMIZATION_LEVEL = "-Onone";
			};
			name = Debug;
		};
		4D9200582249A4AC00DF6DB9 /* Release */ = {
			isa = XCBuildConfiguration;
			buildSettings = {
				ALWAYS_SEARCH_USER_PATHS = NO;
				CLANG_ANALYZER_NONNULL = YES;
				CLANG_ANALYZER_NUMBER_OBJECT_CONVERSION = YES_AGGRESSIVE;
				CLANG_CXX_LANGUAGE_STANDARD = "gnu++14";
				CLANG_CXX_LIBRARY = "libc++";
				CLANG_ENABLE_MODULES = YES;
				CLANG_ENABLE_OBJC_ARC = YES;
				CLANG_ENABLE_OBJC_WEAK = YES;
				CLANG_WARN_BLOCK_CAPTURE_AUTORELEASING = YES;
				CLANG_WARN_BOOL_CONVERSION = YES;
				CLANG_WARN_COMMA = YES;
				CLANG_WARN_CONSTANT_CONVERSION = YES;
				CLANG_WARN_DEPRECATED_OBJC_IMPLEMENTATIONS = YES;
				CLANG_WARN_DIRECT_OBJC_ISA_USAGE = YES_ERROR;
				CLANG_WARN_DOCUMENTATION_COMMENTS = YES;
				CLANG_WARN_EMPTY_BODY = YES;
				CLANG_WARN_ENUM_CONVERSION = YES;
				CLANG_WARN_INFINITE_RECURSION = YES;
				CLANG_WARN_INT_CONVERSION = YES;
				CLANG_WARN_NON_LITERAL_NULL_CONVERSION = YES;
				CLANG_WARN_OBJC_IMPLICIT_RETAIN_SELF = YES;
				CLANG_WARN_OBJC_LITERAL_CONVERSION = YES;
				CLANG_WARN_OBJC_ROOT_CLASS = YES_ERROR;
				CLANG_WARN_RANGE_LOOP_ANALYSIS = YES;
				CLANG_WARN_STRICT_PROTOTYPES = YES;
				CLANG_WARN_SUSPICIOUS_MOVE = YES;
				CLANG_WARN_UNGUARDED_AVAILABILITY = YES_AGGRESSIVE;
				CLANG_WARN_UNREACHABLE_CODE = YES;
				CLANG_WARN__DUPLICATE_METHOD_MATCH = YES;
				CODE_SIGN_IDENTITY = "iPhone Developer";
				COPY_PHASE_STRIP = NO;
				DEBUG_INFORMATION_FORMAT = "dwarf-with-dsym";
				ENABLE_NS_ASSERTIONS = NO;
				ENABLE_STRICT_OBJC_MSGSEND = YES;
				GCC_C_LANGUAGE_STANDARD = gnu11;
				GCC_NO_COMMON_BLOCKS = YES;
				GCC_WARN_64_TO_32_BIT_CONVERSION = YES;
				GCC_WARN_ABOUT_RETURN_TYPE = YES_ERROR;
				GCC_WARN_UNDECLARED_SELECTOR = YES;
				GCC_WARN_UNINITIALIZED_AUTOS = YES_AGGRESSIVE;
				GCC_WARN_UNUSED_FUNCTION = YES;
				GCC_WARN_UNUSED_VARIABLE = YES;
				IPHONEOS_DEPLOYMENT_TARGET = 12.2;
				MTL_ENABLE_DEBUG_INFO = NO;
				MTL_FAST_MATH = YES;
				SDKROOT = iphoneos;
				SWIFT_COMPILATION_MODE = wholemodule;
				SWIFT_OPTIMIZATION_LEVEL = "-O";
				VALIDATE_PRODUCT = YES;
			};
			name = Release;
		};
		4D92005A2249A4AC00DF6DB9 /* Debug */ = {
			isa = XCBuildConfiguration;
			buildSettings = {
				ASSETCATALOG_COMPILER_APPICON_NAME = AppIcon;
				CODE_SIGN_STYLE = Automatic;
				DEVELOPMENT_TEAM = 4UKA6CLMBG;
				INFOPLIST_FILE = SST/Info.plist;
				LD_RUNPATH_SEARCH_PATHS = (
					"$(inherited)",
					"@executable_path/Frameworks",
				);
				PRODUCT_BUNDLE_IDENTIFIER = com.yudongl09.SST;
				PRODUCT_NAME = "$(TARGET_NAME)";
				SWIFT_VERSION = 5.0;
				TARGETED_DEVICE_FAMILY = "1,2";
			};
			name = Debug;
		};
		4D92005B2249A4AC00DF6DB9 /* Release */ = {
			isa = XCBuildConfiguration;
			buildSettings = {
				ASSETCATALOG_COMPILER_APPICON_NAME = AppIcon;
				CODE_SIGN_STYLE = Automatic;
				DEVELOPMENT_TEAM = 4UKA6CLMBG;
				INFOPLIST_FILE = SST/Info.plist;
				LD_RUNPATH_SEARCH_PATHS = (
					"$(inherited)",
					"@executable_path/Frameworks",
				);
				PRODUCT_BUNDLE_IDENTIFIER = com.yudongl09.SST;
				PRODUCT_NAME = "$(TARGET_NAME)";
				SWIFT_VERSION = 5.0;
				TARGETED_DEVICE_FAMILY = "1,2";
			};
			name = Release;
		};
/* End XCBuildConfiguration section */

/* Begin XCConfigurationList section */
		4D9200422249A4AB00DF6DB9 /* Build configuration list for PBXProject "SST" */ = {
			isa = XCConfigurationList;
			buildConfigurations = (
				4D9200572249A4AC00DF6DB9 /* Debug */,
				4D9200582249A4AC00DF6DB9 /* Release */,
			);
			defaultConfigurationIsVisible = 0;
			defaultConfigurationName = Release;
		};
		4D9200592249A4AC00DF6DB9 /* Build configuration list for PBXNativeTarget "SST" */ = {
			isa = XCConfigurationList;
			buildConfigurations = (
				4D92005A2249A4AC00DF6DB9 /* Debug */,
				4D92005B2249A4AC00DF6DB9 /* Release */,
			);
			defaultConfigurationIsVisible = 0;
			defaultConfigurationName = Release;
		};
/* End XCConfigurationList section */
	};
	rootObject = 4D92003F2249A4AB00DF6DB9 /* Project object */;
}
